{
  "version": 2,
  "dependencies": {
    "net10.0": {
      "DotNet.ReproducibleBuilds": {
        "type": "Direct",
        "requested": "[1.2.39, )",
        "resolved": "1.2.39",
        "contentHash": "fcFN01tDTIQqDuTwr1jUQK/geofiwjG5DycJQOnC72i1SsLAk1ELe+apBOuZ11UMQG8YKFZG1FgvjZPbqHyatg=="
      },
      "DotNetAnalyzers.DocumentationAnalyzers": {
        "type": "Direct",
        "requested": "[1.0.0-beta.59, )",
        "resolved": "1.0.0-beta.59",
        "contentHash": "+cjn5bzar9cqDABF2SUsMEof8yoMXSNdHYdpCVNnj/M/cRACbKYHzYpgilSEvFlHGuolzJJ2WN++/EXwBzSsYQ==",
        "dependencies": {
          "DotNetAnalyzers.DocumentationAnalyzers.Unstable": "1.0.0.59"
        }
      },
      "Microsoft.NET.ILLink.Tasks": {
        "type": "Direct",
        "requested": "[10.0.1, )",
        "resolved": "10.0.1",
        "contentHash": "ISahzLHsHY7vrwqr2p1YWZ+gsxoBRtH7gWRDK8fDUst9pp2He0GiesaqEfeX0V8QMCJM3eNEHGGpnIcPjFo2NQ=="
      },
      "Nerdbank.GitVersioning": {
        "type": "Direct",
        "requested": "[3.9.50, )",
        "resolved": "3.9.50",
        "contentHash": "HtOgGF6jZ+WYbXnCUCYPT8Y2d6mIJo9ozjK/FINTRsXdm4Zgv9GehUMa7EFoGQkqrMcDJNOIDwCmENnvXg4UbA=="
      },
      "SonarAnalyzer.CSharp": {
        "type": "Direct",
        "requested": "[10.17.0.131074, )",
        "resolved": "10.17.0.131074",
        "contentHash": "N8agHzX1pK3Xv/fqMig/mHspPAmh/aKkGg7lUC1xfezAhFtPTuRqBjuyas622Tvy5jnsN5zCXJVclvNkfJJ4rQ=="
      },
      "DotNetAnalyzers.DocumentationAnalyzers.Unstable": {
        "type": "Transitive",
        "resolved": "1.0.0.59",
        "contentHash": "ekGYoPsAGTJs5cFbRdzfHKX2n2DzEATZyowGw3QJnozelzmhQ5tGCJhyolN5NWDq1p/GkBPKgRcQ5QGTKxaGrA=="
      },
      "Duende.IdentityModel": {
        "type": "Transitive",
        "resolved": "8.0.0",
        "contentHash": "8i+Tv4c38LgwoTRKbD0+MqtnNNDSVA83G6JkjGHgC4/7jH0nxZBP0RBhH8xTsvNQ5Pv9zrg+TR8rmtWK9HDOPg=="
      },
      "Microsoft.Extensions.Caching.Abstractions": {
        "type": "Transitive",
        "resolved": "10.0.0",
        "contentHash": "Zcoy6H9mSoGyvr7UvlGokEZrlZkcPCICPZr8mCsSt9U/N8eeCwCXwKF5bShdA66R0obxBCwP4AxomQHvVkC/uA==",
        "dependencies": {
          "Microsoft.Extensions.Primitives": "10.0.0"
        }
      },
      "Microsoft.Extensions.Configuration": {
        "type": "Transitive",
        "resolved": "10.0.0",
        "contentHash": "H4SWETCh/cC5L1WtWchHR6LntGk3rDTTznZMssr4cL8IbDmMWBxY+MOGDc/ASnqNolLKPIWHWeuC1ddiL/iNPw==",
        "dependencies": {
          "Microsoft.Extensions.Configuration.Abstractions": "10.0.0",
          "Microsoft.Extensions.Primitives": "10.0.0"
        }
      },
      "Microsoft.Extensions.Configuration.Abstractions": {
        "type": "Transitive",
        "resolved": "10.0.0",
        "contentHash": "d2kDKnCsJvY7mBVhcjPSp9BkJk48DsaHPg5u+Oy4f8XaOqnEedRy/USyvnpHL92wpJ6DrTPy7htppUUzskbCXQ==",
        "dependencies": {
          "Microsoft.Extensions.Primitives": "10.0.0"
        }
      },
      "Microsoft.Extensions.DependencyInjection.Abstractions": {
        "type": "Transitive",
        "resolved": "10.0.0",
        "contentHash": "L3AdmZ1WOK4XXT5YFPEwyt0ep6l8lGIPs7F5OOBZc77Zqeo01Of7XXICy47628sdVl0v/owxYJTe86DTgFwKCA=="
      },
      "Microsoft.Extensions.Diagnostics": {
        "type": "Transitive",
        "resolved": "10.0.0",
        "contentHash": "xjkxIPgrT0mKTfBwb+CVqZnRchyZgzKIfDQOp8z+WUC6vPe3WokIf71z+hJPkH0YBUYJwa7Z/al1R087ib9oiw==",
        "dependencies": {
          "Microsoft.Extensions.Configuration": "10.0.0",
          "Microsoft.Extensions.Diagnostics.Abstractions": "10.0.0",
          "Microsoft.Extensions.Options.ConfigurationExtensions": "10.0.0"
        }
      },
      "Microsoft.Extensions.Diagnostics.Abstractions": {
        "type": "Transitive",
        "resolved": "10.0.0",
        "contentHash": "SfK89ytD61S7DgzorFljSkUeluC1ncn6dtZgwc0ot39f/BEYWBl5jpgvodxduoYAs1d9HG8faCDRZxE95UMo2A==",
        "dependencies": {
          "Microsoft.Extensions.DependencyInjection.Abstractions": "10.0.0",
          "Microsoft.Extensions.Options": "10.0.0"
        }
      },
      "Microsoft.Extensions.Logging.Abstractions": {
        "type": "Transitive",
        "resolved": "10.0.0",
        "contentHash": "FU/IfjDfwaMuKr414SSQNTIti/69bHEMb+QKrskRb26oVqpx3lNFXMjs/RC9ZUuhBhcwDM2BwOgoMw+PZ+beqQ==",
        "dependencies": {
          "Microsoft.Extensions.DependencyInjection.Abstractions": "10.0.0"
        }
      },
      "Microsoft.Extensions.Options": {
        "type": "Transitive",
        "resolved": "10.0.0",
        "contentHash": "8oCAgXOow5XDrY9HaXX1QmH3ORsyZO/ANVHBlhLyCeWTH5Sg4UuqZeOTWJi6484M+LqSx0RqQXDJtdYy2BNiLQ==",
        "dependencies": {
          "Microsoft.Extensions.DependencyInjection.Abstractions": "10.0.0",
          "Microsoft.Extensions.Primitives": "10.0.0"
        }
      },
      "Microsoft.Extensions.Options.ConfigurationExtensions": {
        "type": "Transitive",
        "resolved": "10.0.0",
        "contentHash": "tL9cSl3maS5FPzp/3MtlZI21ExWhni0nnUCF8HY4npTsINw45n9SNDbkKXBMtFyUFGSsQep25fHIDN4f/Vp3AQ==",
        "dependencies": {
          "Microsoft.Extensions.Configuration.Abstractions": "10.0.0",
          "Microsoft.Extensions.Configuration.Binder": "10.0.0",
          "Microsoft.Extensions.DependencyInjection.Abstractions": "10.0.0",
          "Microsoft.Extensions.Options": "10.0.0",
          "Microsoft.Extensions.Primitives": "10.0.0"
        }
      },
      "Microsoft.Extensions.Primitives": {
        "type": "Transitive",
        "resolved": "10.0.0",
        "contentHash": "inRnbpCS0nwO/RuoZIAqxQUuyjaknOOnCEZB55KSMMjRhl0RQDttSmLSGsUJN3RQ3ocf5NDLFd2mOQViHqMK5w=="
      },
      "Microsoft.IdentityModel.Abstractions": {
        "type": "Transitive",
        "resolved": "8.15.0",
        "contentHash": "e/DApa1GfxUqHSBHcpiQg8yaghKAvFVBQFcWh25jNoRobDZbduTUACY8bZ54eeGWXvimGmEDdF0zkS5Dq16XPQ=="
      },
      "Microsoft.IdentityModel.Logging": {
        "type": "Transitive",
        "resolved": "8.15.0",
        "contentHash": "1gJLjhy0LV2RQMJ9NGzi5Tnb2l+c37o8D8Lrk2mrvmb6OQHZ7XJstd/XxvncXgBpad4x9CGXdipbZzJJCXKyAg==",
        "dependencies": {
          "Microsoft.IdentityModel.Abstractions": "8.15.0"
        }
      },
      "Microsoft.IdentityModel.Tokens": {
        "type": "Transitive",
        "resolved": "8.15.0",
        "contentHash": "zUE9ysJXBtXlHHRtcRK3Sp8NzdCI1z/BRDTXJQ2TvBoI0ENRtnufYIep0O5TSCJRJGDwwuLTUx+l/bEYZUxpCA==",
        "dependencies": {
          "Microsoft.Extensions.Logging.Abstractions": "10.0.0",
          "Microsoft.IdentityModel.Logging": "8.15.0"
        }
      },
      "Microsoft.Net.Http.Headers": {
        "type": "Transitive",
        "resolved": "10.0.0",
        "contentHash": "oAB8tXiJn2AMMUPEGWNquy9LagAwzb6TTmJmBWcoS9kM5YUbNUMy2UMkW6kMw9wrFpNco4vAZCuY7VLJoKdd3g==",
        "dependencies": {
          "Microsoft.Extensions.Primitives": "10.0.0"
        }
      },
      "PeterO.Numbers": {
        "type": "Transitive",
        "resolved": "1.8.2",
        "contentHash": "d+A5KLoWbwOTpvubPaGXLgCzANE00jXmsT+yneHwLe2OlobBBFLaIHyoDwmekuHM17z9hU++RF6mL+zZ2x69nA=="
      },
      "PeterO.URIUtility": {
        "type": "Transitive",
        "resolved": "1.0.0",
        "contentHash": "fpRTBsYACMp7NvTECauYRomubWTC3vUNw4hMXdIedP8ctBGK6tea9HOJwE+qVzis6MZYkL3LIs8qeY3rc6Jdlw=="
      },
      "idunno.atproto": {
        "type": "Project",
        "dependencies": {
          "DnsClient": "[1.8.0, )",
          "Duende.IdentityModel.OidcClient": "[7.0.0, )",
          "Duende.IdentityModel.OidcClient.Extensions": "[7.0.0, )",
          "Microsoft.AspNetCore.WebUtilities": "[10.0.0, )",
          "Microsoft.Extensions.Caching.Memory": "[10.0.0, )",
          "Microsoft.Extensions.DependencyInjection": "[10.0.0, )",
          "Microsoft.Extensions.Http": "[10.0.0, )",
          "Microsoft.Extensions.Logging": "[10.0.0, )",
          "Microsoft.IdentityModel.JsonWebTokens": "[8.15.0, )",
          "PeterO.Cbor": "[4.5.5, )",
          "SimpleBase": "[5.6.0, )",
          "ZstdSharp.Port": "[0.8.6, )"
        }
      },
      "DnsClient": {
        "type": "CentralTransitive",
        "requested": "[1.8.0, )",
        "resolved": "1.8.0",
        "contentHash": "RRwtaCXkXWsx0mmsReGDqCbRLtItfUbkRJlet1FpdciVhyMGKcPd57T1+8Jki9ojHlq9fntVhXQroOOgRak8DQ=="
      },
      "Duende.IdentityModel.OidcClient": {
        "type": "CentralTransitive",
        "requested": "[7.0.0, )",
        "resolved": "7.0.0",
        "contentHash": "kCgnw4kkE889lY5NzBfnyMh6Ao8I0+UiNmFUx2+c9vYdh5nOsk6UafUQsytoIGqDbtrNoq5a0V/uY+o3fDc+8Q==",
        "dependencies": {
          "Duende.IdentityModel": "8.0.0",
          "Microsoft.Extensions.Logging.Abstractions": "10.0.0"
        }
      },
      "Duende.IdentityModel.OidcClient.Extensions": {
        "type": "CentralTransitive",
        "requested": "[7.0.0, )",
        "resolved": "7.0.0",
        "contentHash": "A6vkgMqyaOso+WIJ72FwIW/uGcJYe04XENNMJbd605ZM3M+fONydzK3tXkErhjv1mmU40hj4unKUukGy+JPGMA==",
        "dependencies": {
          "Duende.IdentityModel.OidcClient": "7.0.0",
          "Microsoft.Extensions.Logging.Abstractions": "10.0.0",
          "System.IdentityModel.Tokens.Jwt": "[8.0.1, 9.0.0)"
        }
      },
      "Microsoft.AspNetCore.WebUtilities": {
        "type": "CentralTransitive",
        "requested": "[10.0.0, )",
        "resolved": "10.0.0",
        "contentHash": "zdstnPGqEnNnC5C5hCRcO/9KzEPgLCUJ7K7l1d+OJtsBagcYqwsC9zsC5GSqlvNrOKSa2QRqhRv6eNutMm/rgQ==",
        "dependencies": {
          "Microsoft.Net.Http.Headers": "10.0.0"
        }
      },
      "Microsoft.Extensions.Caching.Memory": {
        "type": "CentralTransitive",
        "requested": "[10.0.0, )",
        "resolved": "10.0.0",
        "contentHash": "krK19MKp0BNiR9rpBDW7PKSrTMLVlifS9am3CVc4O1Jq6GWz0o4F+sw5OSL4L3mVd56W8l6JRgghUa2KB51vOw==",
        "dependencies": {
          "Microsoft.Extensions.Caching.Abstractions": "10.0.0",
          "Microsoft.Extensions.DependencyInjection.Abstractions": "10.0.0",
          "Microsoft.Extensions.Logging.Abstractions": "10.0.0",
          "Microsoft.Extensions.Options": "10.0.0",
          "Microsoft.Extensions.Primitives": "10.0.0"
        }
      },
      "Microsoft.Extensions.Configuration.Binder": {
        "type": "CentralTransitive",
        "requested": "[10.0.0, )",
        "resolved": "10.0.0",
        "contentHash": "tMF9wNh+hlyYDWB8mrFCQHQmWHlRosol1b/N2Jrefy1bFLnuTlgSYmPyHNmz8xVQgs7DpXytBRWxGhG+mSTp0g==",
        "dependencies": {
          "Microsoft.Extensions.Configuration": "10.0.0",
          "Microsoft.Extensions.Configuration.Abstractions": "10.0.0"
        }
      },
      "Microsoft.Extensions.DependencyInjection": {
        "type": "CentralTransitive",
        "requested": "[10.0.0, )",
        "resolved": "10.0.0",
        "contentHash": "f0RBabswJq+gRu5a+hWIobrLWiUYPKMhCD9WO3sYBAdSy3FFH14LMvLVFZc2kPSCimBLxSuitUhsd6tb0TAY6A==",
        "dependencies": {
          "Microsoft.Extensions.DependencyInjection.Abstractions": "10.0.0"
        }
      },
      "Microsoft.Extensions.Http": {
        "type": "CentralTransitive",
        "requested": "[10.0.0, )",
        "resolved": "10.0.0",
        "contentHash": "r+mSvm/Ryc/iYcc9zcUG5VP9EBB8PL1rgVU6macEaYk45vmGRk9PntM3aynFKN6s3Q4WW36kedTycIctctpTUQ==",
        "dependencies": {
          "Microsoft.Extensions.Configuration.Abstractions": "10.0.0",
          "Microsoft.Extensions.DependencyInjection.Abstractions": "10.0.0",
          "Microsoft.Extensions.Diagnostics": "10.0.0",
          "Microsoft.Extensions.Logging": "10.0.0",
          "Microsoft.Extensions.Logging.Abstractions": "10.0.0",
          "Microsoft.Extensions.Options": "10.0.0"
        }
      },
      "Microsoft.Extensions.Logging": {
        "type": "CentralTransitive",
        "requested": "[10.0.0, )",
        "resolved": "10.0.0",
        "contentHash": "BStFkd5CcnEtarlcgYDBcFzGYCuuNMzPs02wN3WBsOFoYIEmYoUdAiU+au6opzoqfTYJsMTW00AeqDdnXH2CvA==",
        "dependencies": {
          "Microsoft.Extensions.DependencyInjection": "10.0.0",
          "Microsoft.Extensions.Logging.Abstractions": "10.0.0",
          "Microsoft.Extensions.Options": "10.0.0"
        }
      },
      "Microsoft.IdentityModel.JsonWebTokens": {
        "type": "CentralTransitive",
        "requested": "[8.15.0, )",
        "resolved": "8.15.0",
        "contentHash": "3513f5VzvOZy3ELd42wGnh1Q3e83tlGAuXFSNbENpgWYoAhLLzgFtd5PiaOPGAU0gqKhYGVzKavghLUGfX3HQg==",
        "dependencies": {
          "Microsoft.IdentityModel.Tokens": "8.15.0"
        }
      },
      "PeterO.Cbor": {
        "type": "CentralTransitive",
        "requested": "[4.5.5, )",
        "resolved": "4.5.5",
        "contentHash": "9fMcLg2SUm9ri1j3gVPYxk6+Ev4l4wu93bYwFG1tvntg1Qy4m0rFDdxStG88XR/W4DggOtBXfPVkC3bLF10nqw==",
        "dependencies": {
          "PeterO.Numbers": "1.8.2",
          "PeterO.URIUtility": "1.0.0"
        }
      },
      "SimpleBase": {
        "type": "CentralTransitive",
        "requested": "[5.6.0, )",
        "resolved": "5.6.0",
        "contentHash": "1nNr/DCvcxTrQzN1gUnYzFpLkbAKcFYhF/aMK34jVxrPUjMwL/J3KNEp89M0WaW2k9FUpacxRe4BmjFFjOv3zw=="
      },
      "System.IdentityModel.Tokens.Jwt": {
        "type": "CentralTransitive",
        "requested": "[8.14.0, )",
        "resolved": "8.0.1",
        "contentHash": "GJw3bYkWpOgvN3tJo5X4lYUeIFA2HD293FPUhKmp7qxS+g5ywAb34Dnd3cDAFLkcMohy5XTpoaZ4uAHuw0uSPQ==",
        "dependencies": {
          "Microsoft.IdentityModel.JsonWebTokens": "8.0.1",
          "Microsoft.IdentityModel.Tokens": "8.0.1"
        }
      },
      "ZstdSharp.Port": {
        "type": "CentralTransitive",
        "requested": "[0.8.6, )",
        "resolved": "0.8.6",
        "contentHash": "iP4jVLQoQmUjMU88g1WObiNr6YKZGvh4aOXn3yOJsHqZsflwRsxZPcIBvNXgjXO3vQKSLctXGLTpcBPLnWPS8A=="
      }
    },
    "net8.0": {
      "DotNet.ReproducibleBuilds": {
        "type": "Direct",
        "requested": "[1.2.39, )",
        "resolved": "1.2.39",
        "contentHash": "fcFN01tDTIQqDuTwr1jUQK/geofiwjG5DycJQOnC72i1SsLAk1ELe+apBOuZ11UMQG8YKFZG1FgvjZPbqHyatg=="
      },
      "DotNetAnalyzers.DocumentationAnalyzers": {
        "type": "Direct",
        "requested": "[1.0.0-beta.59, )",
        "resolved": "1.0.0-beta.59",
        "contentHash": "+cjn5bzar9cqDABF2SUsMEof8yoMXSNdHYdpCVNnj/M/cRACbKYHzYpgilSEvFlHGuolzJJ2WN++/EXwBzSsYQ==",
        "dependencies": {
          "DotNetAnalyzers.DocumentationAnalyzers.Unstable": "1.0.0.59"
        }
      },
      "Microsoft.NET.ILLink.Tasks": {
        "type": "Direct",
        "requested": "[8.0.22, )",
        "resolved": "8.0.22",
        "contentHash": "MhcMithKEiyyNkD2ZfbDZPmcOdi0GheGfg8saEIIEfD/fol3iHmcV8TsZkD4ZYz5gdUuoX4YtlVySUU7Sxl9SQ=="
      },
      "Nerdbank.GitVersioning": {
        "type": "Direct",
        "requested": "[3.9.50, )",
        "resolved": "3.9.50",
        "contentHash": "HtOgGF6jZ+WYbXnCUCYPT8Y2d6mIJo9ozjK/FINTRsXdm4Zgv9GehUMa7EFoGQkqrMcDJNOIDwCmENnvXg4UbA=="
      },
      "SonarAnalyzer.CSharp": {
        "type": "Direct",
        "requested": "[10.17.0.131074, )",
        "resolved": "10.17.0.131074",
        "contentHash": "N8agHzX1pK3Xv/fqMig/mHspPAmh/aKkGg7lUC1xfezAhFtPTuRqBjuyas622Tvy5jnsN5zCXJVclvNkfJJ4rQ=="
      },
      "DotNetAnalyzers.DocumentationAnalyzers.Unstable": {
        "type": "Transitive",
        "resolved": "1.0.0.59",
        "contentHash": "ekGYoPsAGTJs5cFbRdzfHKX2n2DzEATZyowGw3QJnozelzmhQ5tGCJhyolN5NWDq1p/GkBPKgRcQ5QGTKxaGrA=="
      },
      "Duende.IdentityModel": {
        "type": "Transitive",
        "resolved": "8.0.0",
        "contentHash": "8i+Tv4c38LgwoTRKbD0+MqtnNNDSVA83G6JkjGHgC4/7jH0nxZBP0RBhH8xTsvNQ5Pv9zrg+TR8rmtWK9HDOPg==",
        "dependencies": {
          "Microsoft.BCL.Memory": "10.0.0"
        }
      },
      "Microsoft.Bcl.Memory": {
        "type": "Transitive",
        "resolved": "10.0.0",
        "contentHash": "a5PdIQh+01OrOViDfJA0zfo2ty5ruSxpR+4ZOkY1nGr0ybvm3XKxckxKp0BVR9ZtVIauQscgHABFysUJYOqnsg=="
      },
      "Microsoft.Extensions.Caching.Abstractions": {
        "type": "Transitive",
        "resolved": "8.0.0",
        "contentHash": "3KuSxeHoNYdxVYfg2IRZCThcrlJ1XJqIXkAWikCsbm5C/bCjv7G0WoKDyuR98Q+T607QT2Zl5GsbGRkENcV2yQ==",
        "dependencies": {
          "Microsoft.Extensions.Primitives": "8.0.0"
        }
      },
      "Microsoft.Extensions.Configuration": {
        "type": "Transitive",
        "resolved": "8.0.0",
        "contentHash": "0J/9YNXTMWSZP2p2+nvl8p71zpSwokZXZuJW+VjdErkegAnFdO1XlqtA62SJtgVYHdKu3uPxJHcMR/r35HwFBA==",
        "dependencies": {
          "Microsoft.Extensions.Configuration.Abstractions": "8.0.0",
          "Microsoft.Extensions.Primitives": "8.0.0"
        }
      },
      "Microsoft.Extensions.Configuration.Abstractions": {
        "type": "Transitive",
        "resolved": "8.0.0",
        "contentHash": "3lE/iLSutpgX1CC0NOW70FJoGARRHbyKmG7dc0klnUZ9Dd9hS6N/POPWhKhMLCEuNN5nXEY5agmlFtH562vqhQ==",
        "dependencies": {
          "Microsoft.Extensions.Primitives": "8.0.0"
        }
      },
      "Microsoft.Extensions.DependencyInjection.Abstractions": {
        "type": "Transitive",
        "resolved": "10.0.0",
        "contentHash": "L3AdmZ1WOK4XXT5YFPEwyt0ep6l8lGIPs7F5OOBZc77Zqeo01Of7XXICy47628sdVl0v/owxYJTe86DTgFwKCA=="
      },
      "Microsoft.Extensions.Diagnostics": {
        "type": "Transitive",
        "resolved": "8.0.0",
        "contentHash": "3PZp/YSkIXrF7QK7PfC1bkyRYwqOHpWFad8Qx+4wkuumAeXo1NHaxpS9LboNA9OvNSAu+QOVlXbMyoY+pHSqcw==",
        "dependencies": {
          "Microsoft.Extensions.Configuration": "8.0.0",
          "Microsoft.Extensions.Diagnostics.Abstractions": "8.0.0",
          "Microsoft.Extensions.Options.ConfigurationExtensions": "8.0.0"
        }
      },
      "Microsoft.Extensions.Diagnostics.Abstractions": {
        "type": "Transitive",
        "resolved": "8.0.0",
        "contentHash": "JHYCQG7HmugNYUhOl368g+NMxYE/N/AiclCYRNlgCY9eVyiBkOHMwK4x60RYMxv9EL3+rmj1mqHvdCiPpC+D4Q==",
        "dependencies": {
          "Microsoft.Extensions.DependencyInjection.Abstractions": "8.0.0",
          "Microsoft.Extensions.Options": "8.0.0"
        }
      },
      "Microsoft.Extensions.Logging.Abstractions": {
        "type": "Transitive",
        "resolved": "10.0.0",
        "contentHash": "FU/IfjDfwaMuKr414SSQNTIti/69bHEMb+QKrskRb26oVqpx3lNFXMjs/RC9ZUuhBhcwDM2BwOgoMw+PZ+beqQ==",
        "dependencies": {
          "Microsoft.Extensions.DependencyInjection.Abstractions": "10.0.0",
          "System.Diagnostics.DiagnosticSource": "10.0.0"
        }
      },
      "Microsoft.Extensions.Options": {
        "type": "Transitive",
        "resolved": "8.0.2",
        "contentHash": "dWGKvhFybsaZpGmzkGCbNNwBD1rVlWzrZKANLW/CcbFJpCEceMCGzT7zZwHOGBCbwM0SzBuceMj5HN1LKV1QqA==",
        "dependencies": {
          "Microsoft.Extensions.DependencyInjection.Abstractions": "8.0.0",
          "Microsoft.Extensions.Primitives": "8.0.0"
        }
      },
      "Microsoft.Extensions.Options.ConfigurationExtensions": {
        "type": "Transitive",
        "resolved": "8.0.0",
        "contentHash": "0f4DMRqEd50zQh+UyJc+/HiBsZ3vhAQALgdkcQEalSH1L2isdC7Yj54M3cyo5e+BeO5fcBQ7Dxly8XiBBcvRgw==",
        "dependencies": {
          "Microsoft.Extensions.Configuration.Abstractions": "8.0.0",
          "Microsoft.Extensions.Configuration.Binder": "8.0.0",
          "Microsoft.Extensions.DependencyInjection.Abstractions": "8.0.0",
          "Microsoft.Extensions.Options": "8.0.0",
          "Microsoft.Extensions.Primitives": "8.0.0"
        }
      },
      "Microsoft.Extensions.Primitives": {
        "type": "Transitive",
        "resolved": "8.0.0",
        "contentHash": "bXJEZrW9ny8vjMF1JV253WeLhpEVzFo1lyaZu1vQ4ZxWUlVvknZ/+ftFgVheLubb4eZPSwwxBeqS1JkCOjxd8g=="
      },
      "Microsoft.IdentityModel.Abstractions": {
        "type": "Transitive",
        "resolved": "8.15.0",
        "contentHash": "e/DApa1GfxUqHSBHcpiQg8yaghKAvFVBQFcWh25jNoRobDZbduTUACY8bZ54eeGWXvimGmEDdF0zkS5Dq16XPQ=="
      },
      "Microsoft.IdentityModel.Logging": {
        "type": "Transitive",
        "resolved": "8.15.0",
        "contentHash": "1gJLjhy0LV2RQMJ9NGzi5Tnb2l+c37o8D8Lrk2mrvmb6OQHZ7XJstd/XxvncXgBpad4x9CGXdipbZzJJCXKyAg==",
        "dependencies": {
          "Microsoft.IdentityModel.Abstractions": "8.15.0"
        }
      },
      "Microsoft.IdentityModel.Tokens": {
        "type": "Transitive",
        "resolved": "8.15.0",
        "contentHash": "zUE9ysJXBtXlHHRtcRK3Sp8NzdCI1z/BRDTXJQ2TvBoI0ENRtnufYIep0O5TSCJRJGDwwuLTUx+l/bEYZUxpCA==",
        "dependencies": {
          "Microsoft.Extensions.Logging.Abstractions": "8.0.0",
          "Microsoft.IdentityModel.Logging": "8.15.0"
        }
      },
      "Microsoft.Net.Http.Headers": {
        "type": "Transitive",
        "resolved": "8.0.0",
        "contentHash": "YlHqL8oWBX3H1LmdKUOxEMW8cVD8nUACEnE2Fu3Ze4k7mYf8yJ1o/uLqoequQV0GDupXyCBEzYhn7Zxdz7pqYQ==",
        "dependencies": {
          "Microsoft.Extensions.Primitives": "8.0.0"
        }
      },
      "PeterO.Numbers": {
        "type": "Transitive",
        "resolved": "1.8.2",
        "contentHash": "d+A5KLoWbwOTpvubPaGXLgCzANE00jXmsT+yneHwLe2OlobBBFLaIHyoDwmekuHM17z9hU++RF6mL+zZ2x69nA=="
      },
      "PeterO.URIUtility": {
        "type": "Transitive",
        "resolved": "1.0.0",
        "contentHash": "fpRTBsYACMp7NvTECauYRomubWTC3vUNw4hMXdIedP8ctBGK6tea9HOJwE+qVzis6MZYkL3LIs8qeY3rc6Jdlw=="
      },
      "System.Diagnostics.DiagnosticSource": {
        "type": "Transitive",
        "resolved": "10.0.0",
        "contentHash": "0KdBK+h7G13PuOSC2R/DalAoFMvdYMznvGRuICtkdcUMXgl/gYXsG6z4yUvTxHSMACorWgHCU1Faq0KUHU6yAQ=="
      },
      "System.IO.Pipelines": {
        "type": "Transitive",
        "resolved": "9.0.0",
        "contentHash": "eA3cinogwaNB4jdjQHOP3Z3EuyiDII7MT35jgtnsA4vkn0LUrrSHsU0nzHTzFzmaFYeKV7MYyMxOocFzsBHpTw=="
      },
      "System.Text.Encodings.Web": {
        "type": "Transitive",
        "resolved": "9.0.0",
        "contentHash": "e2hMgAErLbKyUUwt18qSBf9T5Y+SFAL3ZedM8fLupkVj8Rj2PZ9oxQ37XX2LF8fTO1wNIxvKpihD7Of7D/NxZw=="
      },
      "idunno.atproto": {
        "type": "Project",
        "dependencies": {
          "DnsClient": "[1.8.0, )",
          "Duende.IdentityModel.OidcClient": "[7.0.0, )",
          "Duende.IdentityModel.OidcClient.Extensions": "[7.0.0, )",
          "Microsoft.AspNetCore.WebUtilities": "[8.0.0, )",
          "Microsoft.Extensions.Caching.Memory": "[8.0.1, )",
          "Microsoft.Extensions.DependencyInjection": "[8.0.0, )",
          "Microsoft.Extensions.Http": "[8.0.0, )",
          "Microsoft.Extensions.Logging": "[8.0.0, )",
          "Microsoft.IdentityModel.JsonWebTokens": "[8.15.0, )",
          "PeterO.Cbor": "[4.5.5, )",
          "SimpleBase": "[5.6.0, )",
          "System.Text.Json": "[9.0.0, )",
          "ZstdSharp.Port": "[0.8.6, )"
        }
      },
      "DnsClient": {
        "type": "CentralTransitive",
        "requested": "[1.8.0, )",
        "resolved": "1.8.0",
        "contentHash": "RRwtaCXkXWsx0mmsReGDqCbRLtItfUbkRJlet1FpdciVhyMGKcPd57T1+8Jki9ojHlq9fntVhXQroOOgRak8DQ=="
      },
      "Duende.IdentityModel.OidcClient": {
        "type": "CentralTransitive",
        "requested": "[7.0.0, )",
        "resolved": "7.0.0",
        "contentHash": "kCgnw4kkE889lY5NzBfnyMh6Ao8I0+UiNmFUx2+c9vYdh5nOsk6UafUQsytoIGqDbtrNoq5a0V/uY+o3fDc+8Q==",
        "dependencies": {
          "Duende.IdentityModel": "8.0.0",
          "Microsoft.Extensions.Logging.Abstractions": "10.0.0"
        }
      },
      "Duende.IdentityModel.OidcClient.Extensions": {
        "type": "CentralTransitive",
        "requested": "[7.0.0, )",
        "resolved": "7.0.0",
        "contentHash": "A6vkgMqyaOso+WIJ72FwIW/uGcJYe04XENNMJbd605ZM3M+fONydzK3tXkErhjv1mmU40hj4unKUukGy+JPGMA==",
        "dependencies": {
          "Duende.IdentityModel.OidcClient": "7.0.0",
          "Microsoft.Extensions.Logging.Abstractions": "10.0.0",
          "System.IdentityModel.Tokens.Jwt": "[8.0.1, 9.0.0)"
        }
      },
      "Microsoft.AspNetCore.WebUtilities": {
        "type": "CentralTransitive",
        "requested": "[8.0.0, )",
        "resolved": "8.0.0",
        "contentHash": "z1SXKg5Bk02VmrrOab1TO2yxkZIfL4RyrS+yCpwxcLTqJwImYhEttz3LYbl1gQebkAAvx2Fm4NVXmopxXeLZgw==",
        "dependencies": {
          "Microsoft.Net.Http.Headers": "8.0.0",
          "System.IO.Pipelines": "8.0.0"
        }
      },
      "Microsoft.Extensions.Caching.Memory": {
        "type": "CentralTransitive",
        "requested": "[8.0.1, )",
        "resolved": "8.0.1",
        "contentHash": "HFDnhYLccngrzyGgHkjEDU5FMLn4MpOsr5ElgsBMC4yx6lJh4jeWO7fHS8+TXPq+dgxCmUa/Trl8svObmwW4QA==",
        "dependencies": {
          "Microsoft.Extensions.Caching.Abstractions": "8.0.0",
          "Microsoft.Extensions.DependencyInjection.Abstractions": "8.0.2",
          "Microsoft.Extensions.Logging.Abstractions": "8.0.2",
          "Microsoft.Extensions.Options": "8.0.2",
          "Microsoft.Extensions.Primitives": "8.0.0"
        }
      },
      "Microsoft.Extensions.Configuration.Binder": {
        "type": "CentralTransitive",
        "requested": "[8.0.0, )",
        "resolved": "8.0.0",
        "contentHash": "mBMoXLsr5s1y2zOHWmKsE9veDcx8h1x/c3rz4baEdQKTeDcmQAPNbB54Pi/lhFO3K431eEq6PFbMgLaa6PHFfA==",
        "dependencies": {
          "Microsoft.Extensions.Configuration.Abstractions": "8.0.0"
        }
      },
      "Microsoft.Extensions.DependencyInjection": {
        "type": "CentralTransitive",
        "requested": "[8.0.0, )",
        "resolved": "8.0.0",
        "contentHash": "V8S3bsm50ig6JSyrbcJJ8bW2b9QLGouz+G1miK3UTaOWmMtFwNNNzUf4AleyDWUmTrWMLNnFSLEQtxmxgNQnNQ==",
        "dependencies": {
          "Microsoft.Extensions.DependencyInjection.Abstractions": "8.0.0"
        }
      },
      "Microsoft.Extensions.Http": {
        "type": "CentralTransitive",
        "requested": "[8.0.0, )",
        "resolved": "8.0.0",
        "contentHash": "cWz4caHwvx0emoYe7NkHPxII/KkTI8R/LC9qdqJqnKv2poTJ4e2qqPGQqvRoQ5kaSA4FU5IV3qFAuLuOhoqULQ==",
        "dependencies": {
          "Microsoft.Extensions.Configuration.Abstractions": "8.0.0",
          "Microsoft.Extensions.DependencyInjection.Abstractions": "8.0.0",
          "Microsoft.Extensions.Diagnostics": "8.0.0",
          "Microsoft.Extensions.Logging": "8.0.0",
          "Microsoft.Extensions.Logging.Abstractions": "8.0.0",
          "Microsoft.Extensions.Options": "8.0.0"
        }
      },
      "Microsoft.Extensions.Logging": {
        "type": "CentralTransitive",
        "requested": "[8.0.0, )",
        "resolved": "8.0.0",
        "contentHash": "tvRkov9tAJ3xP51LCv3FJ2zINmv1P8Hi8lhhtcKGqM+ImiTCC84uOPEI4z8Cdq2C3o9e+Aa0Gw0rmrsJD77W+w==",
        "dependencies": {
          "Microsoft.Extensions.DependencyInjection": "8.0.0",
          "Microsoft.Extensions.Logging.Abstractions": "8.0.0",
          "Microsoft.Extensions.Options": "8.0.0"
        }
      },
      "Microsoft.IdentityModel.JsonWebTokens": {
        "type": "CentralTransitive",
        "requested": "[8.15.0, )",
        "resolved": "8.15.0",
        "contentHash": "3513f5VzvOZy3ELd42wGnh1Q3e83tlGAuXFSNbENpgWYoAhLLzgFtd5PiaOPGAU0gqKhYGVzKavghLUGfX3HQg==",
        "dependencies": {
          "Microsoft.IdentityModel.Tokens": "8.15.0"
        }
      },
      "PeterO.Cbor": {
        "type": "CentralTransitive",
        "requested": "[4.5.5, )",
        "resolved": "4.5.5",
        "contentHash": "9fMcLg2SUm9ri1j3gVPYxk6+Ev4l4wu93bYwFG1tvntg1Qy4m0rFDdxStG88XR/W4DggOtBXfPVkC3bLF10nqw==",
        "dependencies": {
          "PeterO.Numbers": "1.8.2",
          "PeterO.URIUtility": "1.0.0"
        }
      },
      "SimpleBase": {
        "type": "CentralTransitive",
        "requested": "[5.6.0, )",
        "resolved": "5.6.0",
        "contentHash": "1nNr/DCvcxTrQzN1gUnYzFpLkbAKcFYhF/aMK34jVxrPUjMwL/J3KNEp89M0WaW2k9FUpacxRe4BmjFFjOv3zw=="
      },
      "System.IdentityModel.Tokens.Jwt": {
        "type": "CentralTransitive",
        "requested": "[8.14.0, )",
        "resolved": "8.0.1",
        "contentHash": "GJw3bYkWpOgvN3tJo5X4lYUeIFA2HD293FPUhKmp7qxS+g5ywAb34Dnd3cDAFLkcMohy5XTpoaZ4uAHuw0uSPQ==",
        "dependencies": {
          "Microsoft.IdentityModel.JsonWebTokens": "8.0.1",
          "Microsoft.IdentityModel.Tokens": "8.0.1"
        }
      },
      "System.Text.Json": {
        "type": "CentralTransitive",
        "requested": "[9.0.0, )",
        "resolved": "9.0.0",
        "contentHash": "js7+qAu/9mQvnhA4EfGMZNEzXtJCDxgkgj8ohuxq/Qxv+R56G+ljefhiJHOxTNiw54q8vmABCWUwkMulNdlZ4A==",
        "dependencies": {
          "System.IO.Pipelines": "9.0.0",
          "System.Text.Encodings.Web": "9.0.0"
        }
      },
      "ZstdSharp.Port": {
        "type": "CentralTransitive",
        "requested": "[0.8.6, )",
        "resolved": "0.8.6",
        "contentHash": "iP4jVLQoQmUjMU88g1WObiNr6YKZGvh4aOXn3yOJsHqZsflwRsxZPcIBvNXgjXO3vQKSLctXGLTpcBPLnWPS8A=="
      }
    },
    "net9.0": {
      "DotNet.ReproducibleBuilds": {
        "type": "Direct",
        "requested": "[1.2.39, )",
        "resolved": "1.2.39",
        "contentHash": "fcFN01tDTIQqDuTwr1jUQK/geofiwjG5DycJQOnC72i1SsLAk1ELe+apBOuZ11UMQG8YKFZG1FgvjZPbqHyatg=="
      },
      "DotNetAnalyzers.DocumentationAnalyzers": {
        "type": "Direct",
        "requested": "[1.0.0-beta.59, )",
        "resolved": "1.0.0-beta.59",
        "contentHash": "+cjn5bzar9cqDABF2SUsMEof8yoMXSNdHYdpCVNnj/M/cRACbKYHzYpgilSEvFlHGuolzJJ2WN++/EXwBzSsYQ==",
        "dependencies": {
          "DotNetAnalyzers.DocumentationAnalyzers.Unstable": "1.0.0.59"
        }
      },
      "Microsoft.NET.ILLink.Tasks": {
        "type": "Direct",
        "requested": "[9.0.11, )",
        "resolved": "9.0.11",
        "contentHash": "vvB9rtDmWaXgYkViT00KORBVmA3pcYsHlgd9vOPqL9sf5bKy3rvLMF1+sI1uUfVj28S3itirHlHmX5/kcpZKNw=="
      },
      "Nerdbank.GitVersioning": {
        "type": "Direct",
        "requested": "[3.9.50, )",
        "resolved": "3.9.50",
        "contentHash": "HtOgGF6jZ+WYbXnCUCYPT8Y2d6mIJo9ozjK/FINTRsXdm4Zgv9GehUMa7EFoGQkqrMcDJNOIDwCmENnvXg4UbA=="
      },
      "SonarAnalyzer.CSharp": {
        "type": "Direct",
        "requested": "[10.17.0.131074, )",
        "resolved": "10.17.0.131074",
        "contentHash": "N8agHzX1pK3Xv/fqMig/mHspPAmh/aKkGg7lUC1xfezAhFtPTuRqBjuyas622Tvy5jnsN5zCXJVclvNkfJJ4rQ=="
      },
      "DotNetAnalyzers.DocumentationAnalyzers.Unstable": {
        "type": "Transitive",
        "resolved": "1.0.0.59",
        "contentHash": "ekGYoPsAGTJs5cFbRdzfHKX2n2DzEATZyowGw3QJnozelzmhQ5tGCJhyolN5NWDq1p/GkBPKgRcQ5QGTKxaGrA=="
      },
      "Duende.IdentityModel": {
        "type": "Transitive",
        "resolved": "8.0.0",
        "contentHash": "8i+Tv4c38LgwoTRKbD0+MqtnNNDSVA83G6JkjGHgC4/7jH0nxZBP0RBhH8xTsvNQ5Pv9zrg+TR8rmtWK9HDOPg==",
        "dependencies": {
          "Microsoft.BCL.Memory": "10.0.0"
        }
      },
      "Microsoft.Bcl.Memory": {
        "type": "Transitive",
        "resolved": "10.0.0",
        "contentHash": "a5PdIQh+01OrOViDfJA0zfo2ty5ruSxpR+4ZOkY1nGr0ybvm3XKxckxKp0BVR9ZtVIauQscgHABFysUJYOqnsg=="
      },
      "Microsoft.Extensions.Caching.Abstractions": {
        "type": "Transitive",
        "resolved": "9.0.0",
        "contentHash": "FPWZAa9c0H4dvOj351iR1jkUIs4u9ykL4Bm592yhjDyO5lCoWd+TMAHx2EMbarzUvCvgjWjJIoC6//Q9kH6YhA==",
        "dependencies": {
          "Microsoft.Extensions.Primitives": "9.0.0"
        }
      },
      "Microsoft.Extensions.Configuration": {
        "type": "Transitive",
        "resolved": "9.0.0",
        "contentHash": "YIMO9T3JL8MeEXgVozKt2v79hquo/EFtnY0vgxmLnUvk1Rei/halI7kOWZL2RBeV9FMGzgM9LZA8CVaNwFMaNA==",
        "dependencies": {
          "Microsoft.Extensions.Configuration.Abstractions": "9.0.0",
          "Microsoft.Extensions.Primitives": "9.0.0"
        }
      },
      "Microsoft.Extensions.Configuration.Abstractions": {
        "type": "Transitive",
        "resolved": "9.0.0",
        "contentHash": "lqvd7W3FGKUO1+ZoUEMaZ5XDJeWvjpy2/M/ptCGz3tXLD4HWVaSzjufsAsjemasBEg+2SxXVtYVvGt5r2nKDlg==",
        "dependencies": {
          "Microsoft.Extensions.Primitives": "9.0.0"
        }
      },
      "Microsoft.Extensions.DependencyInjection.Abstractions": {
        "type": "Transitive",
        "resolved": "10.0.0",
        "contentHash": "L3AdmZ1WOK4XXT5YFPEwyt0ep6l8lGIPs7F5OOBZc77Zqeo01Of7XXICy47628sdVl0v/owxYJTe86DTgFwKCA=="
      },
      "Microsoft.Extensions.Diagnostics": {
        "type": "Transitive",
        "resolved": "9.0.0",
        "contentHash": "0CF9ZrNw5RAlRfbZuVIvzzhP8QeWqHiUmMBU/2H7Nmit8/vwP3/SbHeEctth7D4Gz2fBnEbokPc1NU8/j/1ZLw==",
        "dependencies": {
          "Microsoft.Extensions.Configuration": "9.0.0",
          "Microsoft.Extensions.Diagnostics.Abstractions": "9.0.0",
          "Microsoft.Extensions.Options.ConfigurationExtensions": "9.0.0"
        }
      },
      "Microsoft.Extensions.Diagnostics.Abstractions": {
        "type": "Transitive",
        "resolved": "9.0.0",
        "contentHash": "1K8P7XzuzX8W8pmXcZjcrqS6x5eSSdvhQohmcpgiQNY/HlDAlnrhR9dvlURfFz428A+RTCJpUyB+aKTA6AgVcQ==",
        "dependencies": {
          "Microsoft.Extensions.DependencyInjection.Abstractions": "9.0.0",
          "Microsoft.Extensions.Options": "9.0.0"
        }
      },
      "Microsoft.Extensions.Logging.Abstractions": {
        "type": "Transitive",
        "resolved": "10.0.0",
        "contentHash": "FU/IfjDfwaMuKr414SSQNTIti/69bHEMb+QKrskRb26oVqpx3lNFXMjs/RC9ZUuhBhcwDM2BwOgoMw+PZ+beqQ==",
        "dependencies": {
          "Microsoft.Extensions.DependencyInjection.Abstractions": "10.0.0",
          "System.Diagnostics.DiagnosticSource": "10.0.0"
        }
      },
      "Microsoft.Extensions.Options": {
        "type": "Transitive",
        "resolved": "9.0.0",
        "contentHash": "y2146b3jrPI3Q0lokKXdKLpmXqakYbDIPDV6r3M8SqvSf45WwOTzkyfDpxnZXJsJQEpAsAqjUq5Pu8RCJMjubg==",
        "dependencies": {
          "Microsoft.Extensions.DependencyInjection.Abstractions": "9.0.0",
          "Microsoft.Extensions.Primitives": "9.0.0"
        }
      },
      "Microsoft.Extensions.Options.ConfigurationExtensions": {
        "type": "Transitive",
        "resolved": "9.0.0",
        "contentHash": "Ob3FXsXkcSMQmGZi7qP07EQ39kZpSBlTcAZLbJLdI4FIf0Jug8biv2HTavWmnTirchctPlq9bl/26CXtQRguzA==",
        "dependencies": {
          "Microsoft.Extensions.Configuration.Abstractions": "9.0.0",
          "Microsoft.Extensions.Configuration.Binder": "9.0.0",
          "Microsoft.Extensions.DependencyInjection.Abstractions": "9.0.0",
          "Microsoft.Extensions.Options": "9.0.0",
          "Microsoft.Extensions.Primitives": "9.0.0"
        }
      },
      "Microsoft.Extensions.Primitives": {
        "type": "Transitive",
        "resolved": "9.0.0",
        "contentHash": "N3qEBzmLMYiASUlKxxFIISP4AiwuPTHF5uCh+2CWSwwzAJiIYx0kBJsS30cp1nvhSySFAVi30jecD307jV+8Kg=="
      },
      "Microsoft.IdentityModel.Abstractions": {
        "type": "Transitive",
        "resolved": "8.15.0",
        "contentHash": "e/DApa1GfxUqHSBHcpiQg8yaghKAvFVBQFcWh25jNoRobDZbduTUACY8bZ54eeGWXvimGmEDdF0zkS5Dq16XPQ=="
      },
      "Microsoft.IdentityModel.Logging": {
        "type": "Transitive",
        "resolved": "8.15.0",
        "contentHash": "1gJLjhy0LV2RQMJ9NGzi5Tnb2l+c37o8D8Lrk2mrvmb6OQHZ7XJstd/XxvncXgBpad4x9CGXdipbZzJJCXKyAg==",
        "dependencies": {
          "Microsoft.IdentityModel.Abstractions": "8.15.0"
        }
      },
      "Microsoft.IdentityModel.Tokens": {
        "type": "Transitive",
        "resolved": "8.15.0",
        "contentHash": "zUE9ysJXBtXlHHRtcRK3Sp8NzdCI1z/BRDTXJQ2TvBoI0ENRtnufYIep0O5TSCJRJGDwwuLTUx+l/bEYZUxpCA==",
        "dependencies": {
          "Microsoft.Extensions.Logging.Abstractions": "8.0.0",
          "Microsoft.IdentityModel.Logging": "8.15.0"
        }
      },
      "Microsoft.Net.Http.Headers": {
        "type": "Transitive",
        "resolved": "9.0.0",
        "contentHash": "Haa8791nKzjZtck7KOzM4hgoyvwBfVzkyTLdmEVRm3FdHB1iahQZNiou17hSF5PlOQT0hr4BAQYeZYvfs4BZMQ==",
        "dependencies": {
          "Microsoft.Extensions.Primitives": "9.0.0"
        }
      },
      "PeterO.Numbers": {
        "type": "Transitive",
        "resolved": "1.8.2",
        "contentHash": "d+A5KLoWbwOTpvubPaGXLgCzANE00jXmsT+yneHwLe2OlobBBFLaIHyoDwmekuHM17z9hU++RF6mL+zZ2x69nA=="
      },
      "PeterO.URIUtility": {
        "type": "Transitive",
        "resolved": "1.0.0",
        "contentHash": "fpRTBsYACMp7NvTECauYRomubWTC3vUNw4hMXdIedP8ctBGK6tea9HOJwE+qVzis6MZYkL3LIs8qeY3rc6Jdlw=="
      },
      "System.Diagnostics.DiagnosticSource": {
        "type": "Transitive",
        "resolved": "10.0.0",
        "contentHash": "0KdBK+h7G13PuOSC2R/DalAoFMvdYMznvGRuICtkdcUMXgl/gYXsG6z4yUvTxHSMACorWgHCU1Faq0KUHU6yAQ=="
      },
      "idunno.atproto": {
        "type": "Project",
        "dependencies": {
          "DnsClient": "[1.8.0, )",
          "Duende.IdentityModel.OidcClient": "[7.0.0, )",
          "Duende.IdentityModel.OidcClient.Extensions": "[7.0.0, )",
          "Microsoft.AspNetCore.WebUtilities": "[9.0.0, )",
          "Microsoft.Extensions.Caching.Memory": "[9.0.0, )",
          "Microsoft.Extensions.DependencyInjection": "[9.0.0, )",
          "Microsoft.Extensions.Http": "[9.0.0, )",
          "Microsoft.Extensions.Logging": "[9.0.0, )",
          "Microsoft.IdentityModel.JsonWebTokens": "[8.15.0, )",
          "PeterO.Cbor": "[4.5.5, )",
          "SimpleBase": "[5.6.0, )",
          "ZstdSharp.Port": "[0.8.6, )"
        }
      },
      "DnsClient": {
        "type": "CentralTransitive",
        "requested": "[1.8.0, )",
        "resolved": "1.8.0",
        "contentHash": "RRwtaCXkXWsx0mmsReGDqCbRLtItfUbkRJlet1FpdciVhyMGKcPd57T1+8Jki9ojHlq9fntVhXQroOOgRak8DQ=="
      },
      "Duende.IdentityModel.OidcClient": {
        "type": "CentralTransitive",
        "requested": "[7.0.0, )",
        "resolved": "7.0.0",
        "contentHash": "kCgnw4kkE889lY5NzBfnyMh6Ao8I0+UiNmFUx2+c9vYdh5nOsk6UafUQsytoIGqDbtrNoq5a0V/uY+o3fDc+8Q==",
        "dependencies": {
          "Duende.IdentityModel": "8.0.0",
          "Microsoft.Extensions.Logging.Abstractions": "10.0.0"
        }
      },
      "Duende.IdentityModel.OidcClient.Extensions": {
        "type": "CentralTransitive",
        "requested": "[7.0.0, )",
        "resolved": "7.0.0",
        "contentHash": "A6vkgMqyaOso+WIJ72FwIW/uGcJYe04XENNMJbd605ZM3M+fONydzK3tXkErhjv1mmU40hj4unKUukGy+JPGMA==",
        "dependencies": {
          "Duende.IdentityModel.OidcClient": "7.0.0",
          "Microsoft.Extensions.Logging.Abstractions": "10.0.0",
          "System.IdentityModel.Tokens.Jwt": "[8.0.1, 9.0.0)"
        }
      },
      "Microsoft.AspNetCore.WebUtilities": {
        "type": "CentralTransitive",
        "requested": "[9.0.0, )",
        "resolved": "9.0.0",
        "contentHash": "nUtmKeQ2cBiiZNYkl4KpQO8C2YP/EAc/r6PymeaRnO5AxBtOs6GkWXwZh+65vjfjXtlIxZeexGzXA3vy7+G7Vw==",
        "dependencies": {
          "Microsoft.Net.Http.Headers": "9.0.0"
        }
      },
      "Microsoft.Extensions.Caching.Memory": {
        "type": "CentralTransitive",
        "requested": "[9.0.0, )",
        "resolved": "9.0.0",
        "contentHash": "zbnPX/JQ0pETRSUG9fNPBvpIq42Aufvs15gGYyNIMhCun9yhmWihz0WgsI7bSDPjxWTKBf8oX/zv6v2uZ3W9OQ==",
        "dependencies": {
          "Microsoft.Extensions.Caching.Abstractions": "9.0.0",
          "Microsoft.Extensions.DependencyInjection.Abstractions": "9.0.0",
          "Microsoft.Extensions.Logging.Abstractions": "9.0.0",
          "Microsoft.Extensions.Options": "9.0.0",
          "Microsoft.Extensions.Primitives": "9.0.0"
        }
      },
      "Microsoft.Extensions.Configuration.Binder": {
        "type": "CentralTransitive",
        "requested": "[9.0.0, )",
        "resolved": "9.0.0",
        "contentHash": "RiScL99DcyngY9zJA2ROrri7Br8tn5N4hP4YNvGdTN/bvg1A3dwvDOxHnNZ3Im7x2SJ5i4LkX1uPiR/MfSFBLQ==",
        "dependencies": {
          "Microsoft.Extensions.Configuration.Abstractions": "9.0.0"
        }
      },
      "Microsoft.Extensions.DependencyInjection": {
        "type": "CentralTransitive",
        "requested": "[9.0.0, )",
        "resolved": "9.0.0",
        "contentHash": "MCPrg7v3QgNMr0vX4vzRXvkNGgLg8vKWX0nKCWUxu2uPyMsaRgiRc1tHBnbTcfJMhMKj2slE/j2M9oGkd25DNw==",
        "dependencies": {
          "Microsoft.Extensions.DependencyInjection.Abstractions": "9.0.0"
        }
      },
      "Microsoft.Extensions.Http": {
        "type": "CentralTransitive",
        "requested": "[9.0.0, )",
        "resolved": "9.0.0",
        "contentHash": "DqI4q54U4hH7bIAq9M5a/hl5Odr/KBAoaZ0dcT4OgutD8dook34CbkvAfAIzkMVjYXiL+E5ul9etwwqiX4PHGw==",
        "dependencies": {
          "Microsoft.Extensions.Configuration.Abstractions": "9.0.0",
          "Microsoft.Extensions.DependencyInjection.Abstractions": "9.0.0",
          "Microsoft.Extensions.Diagnostics": "9.0.0",
          "Microsoft.Extensions.Logging": "9.0.0",
          "Microsoft.Extensions.Logging.Abstractions": "9.0.0",
          "Microsoft.Extensions.Options": "9.0.0"
        }
      },
      "Microsoft.Extensions.Logging": {
        "type": "CentralTransitive",
        "requested": "[9.0.0, )",
        "resolved": "9.0.0",
        "contentHash": "crjWyORoug0kK7RSNJBTeSE6VX8IQgLf3nUpTB9m62bPXp/tzbnOsnbe8TXEG0AASNaKZddnpHKw7fET8E++Pg==",
        "dependencies": {
          "Microsoft.Extensions.DependencyInjection": "9.0.0",
          "Microsoft.Extensions.Logging.Abstractions": "9.0.0",
          "Microsoft.Extensions.Options": "9.0.0"
        }
      },
      "Microsoft.IdentityModel.JsonWebTokens": {
        "type": "CentralTransitive",
        "requested": "[8.15.0, )",
        "resolved": "8.15.0",
        "contentHash": "3513f5VzvOZy3ELd42wGnh1Q3e83tlGAuXFSNbENpgWYoAhLLzgFtd5PiaOPGAU0gqKhYGVzKavghLUGfX3HQg==",
        "dependencies": {
          "Microsoft.IdentityModel.Tokens": "8.15.0"
        }
      },
      "PeterO.Cbor": {
        "type": "CentralTransitive",
        "requested": "[4.5.5, )",
        "resolved": "4.5.5",
        "contentHash": "9fMcLg2SUm9ri1j3gVPYxk6+Ev4l4wu93bYwFG1tvntg1Qy4m0rFDdxStG88XR/W4DggOtBXfPVkC3bLF10nqw==",
        "dependencies": {
          "PeterO.Numbers": "1.8.2",
          "PeterO.URIUtility": "1.0.0"
        }
      },
      "SimpleBase": {
        "type": "CentralTransitive",
        "requested": "[5.6.0, )",
        "resolved": "5.6.0",
        "contentHash": "1nNr/DCvcxTrQzN1gUnYzFpLkbAKcFYhF/aMK34jVxrPUjMwL/J3KNEp89M0WaW2k9FUpacxRe4BmjFFjOv3zw=="
      },
      "System.IdentityModel.Tokens.Jwt": {
        "type": "CentralTransitive",
        "requested": "[8.14.0, )",
        "resolved": "8.0.1",
        "contentHash": "GJw3bYkWpOgvN3tJo5X4lYUeIFA2HD293FPUhKmp7qxS+g5ywAb34Dnd3cDAFLkcMohy5XTpoaZ4uAHuw0uSPQ==",
        "dependencies": {
          "Microsoft.IdentityModel.JsonWebTokens": "8.0.1",
          "Microsoft.IdentityModel.Tokens": "8.0.1"
        }
      },
      "ZstdSharp.Port": {
        "type": "CentralTransitive",
        "requested": "[0.8.6, )",
        "resolved": "0.8.6",
        "contentHash": "iP4jVLQoQmUjMU88g1WObiNr6YKZGvh4aOXn3yOJsHqZsflwRsxZPcIBvNXgjXO3vQKSLctXGLTpcBPLnWPS8A=="
      }
    }
  }
}