Microsoft Visual Studio Solution File, Format Version 12.00
# Visual Studio Version 17
VisualStudioVersion = 17.9.34701.34
MinimumVisualStudioVersion = 10.0.40219.1
Project("{2150E333-8FDC-42A3-9474-1A3956D46DE8}") = "Solution Items", "Solution Items", "{0B264B3D-0AE0-4990-AD21-4261BF1ABE01}"
	ProjectSection(SolutionItems) = preProject
		.editorconfig = .editorconfig
		.gitignore = .gitignore
		.vsconfig = .vsconfig
		Directory.Build.props = Directory.Build.props
		Directory.Packages.props = Directory.Packages.props
		exclusion.dic = exclusion.dic
		key.snk = key.snk
		LICENSE = LICENSE
		nuget.config = nuget.config
		trimTest.ps1 = trimTest.ps1
		version.json = version.json
	EndProjectSection
EndProject
Project("{2150E333-8FDC-42A3-9474-1A3956D46DE8}") = "src", "src", "{C94F8041-6886-4D0F-82DC-8AF2B41FF649}"
	ProjectSection(SolutionItems) = preProject
		src\.editorconfig = src\.editorconfig
		src\Directory.Build.props = src\Directory.Build.props
	EndProjectSection
EndProject
Project("{9A19103F-16F7-4668-BE54-9A1E7A4F7556}") = "idunno.AtProto", "src\idunno.AtProto\idunno.AtProto.csproj", "{E4A9AF14-37CD-4587-AFCF-7D993A5DCA6A}"
EndProject
Project("{2150E333-8FDC-42A3-9474-1A3956D46DE8}") = "trimming", "trimming", "{02EA681E-C7D8-13C7-8484-4AC65E1B71E8}"
EndProject
Project("{FAE04EC0-301F-11D3-BF4B-00C04F79EFBC}") = "idunno.TrimmingTest", "trimming\idunno.TrimmingTest.csproj", "{DAF76BD2-70AF-33B6-84C9-61C277D5DFF2}"
EndProject
Global
	GlobalSection(SolutionConfigurationPlatforms) = preSolution
		CodeQL|Any CPU = CodeQL|Any CPU
		Debug|Any CPU = Debug|Any CPU
		Release|Any CPU = Release|Any CPU
	EndGlobalSection
	GlobalSection(ProjectConfigurationPlatforms) = postSolution
		{E4A9AF14-37CD-4587-AFCF-7D993A5DCA6A}.CodeQL|Any CPU.ActiveCfg = CodeQL|Any CPU
		{E4A9AF14-37CD-4587-AFCF-7D993A5DCA6A}.CodeQL|Any CPU.Build.0 = CodeQL|Any CPU
		{E4A9AF14-37CD-4587-AFCF-7D993A5DCA6A}.Debug|Any CPU.ActiveCfg = Debug|Any CPU
		{E4A9AF14-37CD-4587-AFCF-7D993A5DCA6A}.Debug|Any CPU.Build.0 = Debug|Any CPU
		{E4A9AF14-37CD-4587-AFCF-7D993A5DCA6A}.Release|Any CPU.ActiveCfg = Release|Any CPU
		{E4A9AF14-37CD-4587-AFCF-7D993A5DCA6A}.Release|Any CPU.Build.0 = Release|Any CPU
		{DAF76BD2-70AF-33B6-84C9-61C277D5DFF2}.CodeQL|Any CPU.ActiveCfg = Debug|Any CPU
		{DAF76BD2-70AF-33B6-84C9-61C277D5DFF2}.Debug|Any CPU.ActiveCfg = Debug|Any CPU
		{DAF76BD2-70AF-33B6-84C9-61C277D5DFF2}.Debug|Any CPU.Build.0 = Debug|Any CPU
		{DAF76BD2-70AF-33B6-84C9-61C277D5DFF2}.Release|Any CPU.ActiveCfg = Release|Any CPU
	EndGlobalSection
	GlobalSection(SolutionProperties) = preSolution
		HideSolutionNode = FALSE
	EndGlobalSection
	GlobalSection(NestedProjects) = preSolution
		{E4A9AF14-37CD-4587-AFCF-7D993A5DCA6A} = {C94F8041-6886-4D0F-82DC-8AF2B41FF649}
		{DAF76BD2-70AF-33B6-84C9-61C277D5DFF2} = {02EA681E-C7D8-13C7-8484-4AC65E1B71E8}
	EndGlobalSection
	GlobalSection(ExtensibilityGlobals) = postSolution
		SolutionGuid = {B2B9F8C2-975D-4E3A-B05E-48FDF4BCE3E6}
	EndGlobalSection
EndGlobal
